
Microsoft Visual Studio Solution File, Format Version 12.00
# Visual Studio Version 17
VisualStudioVersion = 17.9.34607.119
MinimumVisualStudioVersion = 10.0.40219.1
Project("{8BC9CEB8-8B4A-11D0-8D11-00A0C91BC942}") = "ParadigmaOOPpt2Tgl28Mei2024", "ParadigmaOOPpt2Tgl28Mei2024\ParadigmaOOPpt2Tgl28Mei2024.vcxproj", "{B080FFCE-E322-4899-A64C-9B511B46AC8F}"
EndProject
Project("{8BC9CEB8-8B4A-11D0-8D11-00A0C91BC942}") = "noOverriding", "noOverriding\noOverriding.vcxproj", "{9925D316-9F0B-490E-B6FF-B8C87881650F}"
EndProject
Project("{8BC9CEB8-8B4A-11D0-8D11-00A0C91BC942}") = "noPewarisan", "noPewarisan\noPewarisan.vcxproj", "{2AE2FA9D-333B-4E23-B570-EC20E21F0853}"
EndProject
Project("{8BC9CEB8-8B4A-11D0-8D11-00A0C91BC942}") = "Abstraksi", "Abstraksi\Abstraksi.vcxproj", "{1C088E37-6110-4722-AF3B-71923130B7D7}"
EndProject
Project("{8BC9CEB8-8B4A-11D0-8D11-00A0C91BC942}") = "AbstraksiHeader", "AbstraksiHeader\AbstraksiHeader.vcxproj", "{FE4D9038-A432-46DF-9073-BEF47D6DDF0C}"
EndProject
Project("{8BC9CEB8-8B4A-11D0-8D11-00A0C91BC942}") = "Multiwaris", "Multiwaris\Multiwaris.vcxproj", "{969E5EEE-2661-4175-87B6-B277F9896D86}"
EndProject
Project("{8BC9CEB8-8B4A-11D0-8D11-00A0C91BC942}") = "Enkapsulapsi", "Enkapsulapsi\Enkapsulapsi.vcxproj", "{BA363047-23B7-4EE9-AB6D-9CB819269347}"
EndProject
Global
	GlobalSection(SolutionConfigurationPlatforms) = preSolution
		Debug|x64 = Debug|x64
		Debug|x86 = Debug|x86
		Release|x64 = Release|x64
		Release|x86 = Release|x86
	EndGlobalSection
	GlobalSection(ProjectConfigurationPlatforms) = postSolution
		{B080FFCE-E322-4899-A64C-9B511B46AC8F}.Debug|x64.ActiveCfg = Debug|x64
		{B080FFCE-E322-4899-A64C-9B511B46AC8F}.Debug|x64.Build.0 = Debug|x64
		{B080FFCE-E322-4899-A64C-9B511B46AC8F}.Debug|x86.ActiveCfg = Debug|Win32
		{B080FFCE-E322-4899-A64C-9B511B46AC8F}.Debug|x86.Build.0 = Debug|Win32
		{B080FFCE-E322-4899-A64C-9B511B46AC8F}.Release|x64.ActiveCfg = Release|x64
		{B080FFCE-E322-4899-A64C-9B511B46AC8F}.Release|x64.Build.0 = Release|x64
		{B080FFCE-E322-4899-A64C-9B511B46AC8F}.Release|x86.ActiveCfg = Release|Win32
		{B080FFCE-E322-4899-A64C-9B511B46AC8F}.Release|x86.Build.0 = Release|Win32
		{9925D316-9F0B-490E-B6FF-B8C87881650F}.Debug|x64.ActiveCfg = Debug|x64
		{9925D316-9F0B-490E-B6FF-B8C87881650F}.Debug|x64.Build.0 = Debug|x64
		{9925D316-9F0B-490E-B6FF-B8C87881650F}.Debug|x86.ActiveCfg = Debug|Win32
		{9925D316-9F0B-490E-B6FF-B8C87881650F}.Debug|x86.Build.0 = Debug|Win32
		{9925D316-9F0B-490E-B6FF-B8C87881650F}.Release|x64.ActiveCfg = Release|x64
		{9925D316-9F0B-490E-B6FF-B8C87881650F}.Release|x64.Build.0 = Release|x64
		{9925D316-9F0B-490E-B6FF-B8C87881650F}.Release|x86.ActiveCfg = Release|Win32
		{9925D316-9F0B-490E-B6FF-B8C87881650F}.Release|x86.Build.0 = Release|Win32
		{2AE2FA9D-333B-4E23-B570-EC20E21F0853}.Debug|x64.ActiveCfg = Debug|x64
		{2AE2FA9D-333B-4E23-B570-EC20E21F0853}.Debug|x64.Build.0 = Debug|x64
		{2AE2FA9D-333B-4E23-B570-EC20E21F0853}.Debug|x86.ActiveCfg = Debug|Win32
		{2AE2FA9D-333B-4E23-B570-EC20E21F0853}.Debug|x86.Build.0 = Debug|Win32
		{2AE2FA9D-333B-4E23-B570-EC20E21F0853}.Release|x64.ActiveCfg = Release|x64
		{2AE2FA9D-333B-4E23-B570-EC20E21F0853}.Release|x64.Build.0 = Release|x64
		{2AE2FA9D-333B-4E23-B570-EC20E21F0853}.Release|x86.ActiveCfg = Release|Win32
		{2AE2FA9D-333B-4E23-B570-EC20E21F0853}.Release|x86.Build.0 = Release|Win32
		{1C088E37-6110-4722-AF3B-71923130B7D7}.Debug|x64.ActiveCfg = Debug|x64
		{1C088E37-6110-4722-AF3B-71923130B7D7}.Debug|x64.Build.0 = Debug|x64
		{1C088E37-6110-4722-AF3B-71923130B7D7}.Debug|x86.ActiveCfg = Debug|Win32
		{1C088E37-6110-4722-AF3B-71923130B7D7}.Debug|x86.Build.0 = Debug|Win32
		{1C088E37-6110-4722-AF3B-71923130B7D7}.Release|x64.ActiveCfg = Release|x64
		{1C088E37-6110-4722-AF3B-71923130B7D7}.Release|x64.Build.0 = Release|x64
		{1C088E37-6110-4722-AF3B-71923130B7D7}.Release|x86.ActiveCfg = Release|Win32
		{1C088E37-6110-4722-AF3B-71923130B7D7}.Release|x86.Build.0 = Release|Win32
		{FE4D9038-A432-46DF-9073-BEF47D6DDF0C}.Debug|x64.ActiveCfg = Debug|x64
		{FE4D9038-A432-46DF-9073-BEF47D6DDF0C}.Debug|x64.Build.0 = Debug|x64
		{FE4D9038-A432-46DF-9073-BEF47D6DDF0C}.Debug|x86.ActiveCfg = Debug|Win32
		{FE4D9038-A432-46DF-9073-BEF47D6DDF0C}.Debug|x86.Build.0 = Debug|Win32
		{FE4D9038-A432-46DF-9073-BEF47D6DDF0C}.Release|x64.ActiveCfg = Release|x64
		{FE4D9038-A432-46DF-9073-BEF47D6DDF0C}.Release|x64.Build.0 = Release|x64
		{FE4D9038-A432-46DF-9073-BEF47D6DDF0C}.Release|x86.ActiveCfg = Release|Win32
		{FE4D9038-A432-46DF-9073-BEF47D6DDF0C}.Release|x86.Build.0 = Release|Win32
		{969E5EEE-2661-4175-87B6-B277F9896D86}.Debug|x64.ActiveCfg = Debug|x64
		{969E5EEE-2661-4175-87B6-B277F9896D86}.Debug|x64.Build.0 = Debug|x64
		{969E5EEE-2661-4175-87B6-B277F9896D86}.Debug|x86.ActiveCfg = Debug|Win32
		{969E5EEE-2661-4175-87B6-B277F9896D86}.Debug|x86.Build.0 = Debug|Win32
		{969E5EEE-2661-4175-87B6-B277F9896D86}.Release|x64.ActiveCfg = Release|x64
		{969E5EEE-2661-4175-87B6-B277F9896D86}.Release|x64.Build.0 = Release|x64
		{969E5EEE-2661-4175-87B6-B277F9896D86}.Release|x86.ActiveCfg = Release|Win32
		{969E5EEE-2661-4175-87B6-B277F9896D86}.Release|x86.Build.0 = Release|Win32
		{BA363047-23B7-4EE9-AB6D-9CB819269347}.Debug|x64.ActiveCfg = Debug|x64
		{BA363047-23B7-4EE9-AB6D-9CB819269347}.Debug|x64.Build.0 = Debug|x64
		{BA363047-23B7-4EE9-AB6D-9CB819269347}.Debug|x86.ActiveCfg = Debug|Win32
		{BA363047-23B7-4EE9-AB6D-9CB819269347}.Debug|x86.Build.0 = Debug|Win32
		{BA363047-23B7-4EE9-AB6D-9CB819269347}.Release|x64.ActiveCfg = Release|x64
		{BA363047-23B7-4EE9-AB6D-9CB819269347}.Release|x64.Build.0 = Release|x64
		{BA363047-23B7-4EE9-AB6D-9CB819269347}.Release|x86.ActiveCfg = Release|Win32
		{BA363047-23B7-4EE9-AB6D-9CB819269347}.Release|x86.Build.0 = Release|Win32
	EndGlobalSection
	GlobalSection(SolutionProperties) = preSolution
		HideSolutionNode = FALSE
	EndGlobalSection
	GlobalSection(ExtensibilityGlobals) = postSolution
		SolutionGuid = {278094DB-D82F-4457-AFAE-FB81FE4A4037}
	EndGlobalSection
EndGlobal
